{
    "version": 3,
    "terraform_version": "0.11.14",
    "serial": 7,
    "lineage": "ecc3608c-fc10-b27f-16c7-0cb05ee79839",
    "modules": [
        {
            "path": [
                "root"
            ],
            "outputs": {},
            "resources": {
                "azurerm_network_interface.NIC.0": {
                    "type": "azurerm_network_interface",
                    "depends_on": [
                        "azurerm_public_ip.PIP.*",
                        "azurerm_resource_group.myterraformgroup",
                        "data.azurerm_network_interface.test",
                        "data.azurerm_subnet.test"
                    ],
                    "primary": {
                        "id": "/subscriptions/5806e574-da31-41a3-ae94-2e95e35eb2e3/resourceGroups/InfraProjet/providers/Microsoft.Network/networkInterfaces/JenkinsNIC",
                        "attributes": {
                            "applied_dns_servers.#": "0",
                            "dns_servers.#": "0",
                            "enable_accelerated_networking": "false",
                            "enable_ip_forwarding": "false",
                            "id": "/subscriptions/5806e574-da31-41a3-ae94-2e95e35eb2e3/resourceGroups/InfraProjet/providers/Microsoft.Network/networkInterfaces/JenkinsNIC",
                            "internal_dns_name_label": "",
                            "internal_fqdn": "",
                            "ip_configuration.#": "1",
                            "ip_configuration.0.application_gateway_backend_address_pools_ids.#": "0",
                            "ip_configuration.0.application_security_group_ids.#": "0",
                            "ip_configuration.0.load_balancer_backend_address_pools_ids.#": "0",
                            "ip_configuration.0.load_balancer_inbound_nat_rules_ids.#": "0",
                            "ip_configuration.0.name": "myNicConfiguration",
                            "ip_configuration.0.primary": "true",
                            "ip_configuration.0.private_ip_address": "",
                            "ip_configuration.0.private_ip_address_allocation": "dynamic",
                            "ip_configuration.0.private_ip_address_version": "IPv4",
                            "ip_configuration.0.public_ip_address_id": "/subscriptions/5806e574-da31-41a3-ae94-2e95e35eb2e3/resourceGroups/InfraProjet/providers/Microsoft.Network/publicIPAddresses/JenkinsPIP",
                            "ip_configuration.0.subnet_id": "/subscriptions/5806e574-da31-41a3-ae94-2e95e35eb2e3/resourceGroups/InfraProjet/providers/Microsoft.Network/virtualNetworks/InfraProjet-vnet/subnets/default",
                            "location": "westeurope",
                            "mac_address": "",
                            "name": "JenkinsNIC",
                            "network_security_group_id": "/subscriptions/5806e574-da31-41a3-ae94-2e95e35eb2e3/resourceGroups/InfraProjet/providers/Microsoft.Network/networkSecurityGroups/inframachine-nsg",
                            "private_ip_address": "10.0.0.5",
                            "private_ip_addresses.#": "1",
                            "private_ip_addresses.0": "10.0.0.5",
                            "resource_group_name": "InfraProjet",
                            "tags.%": "1",
                            "tags.environment": "Terraform Demo"
                        },
                        "meta": {},
                        "tainted": false
                    },
                    "deposed": [],
                    "provider": "provider.azurerm"
                },
                "azurerm_network_interface.NIC.1": {
                    "type": "azurerm_network_interface",
                    "depends_on": [
                        "azurerm_public_ip.PIP.*",
                        "azurerm_resource_group.myterraformgroup",
                        "data.azurerm_network_interface.test",
                        "data.azurerm_subnet.test"
                    ],
                    "primary": {
                        "id": "/subscriptions/5806e574-da31-41a3-ae94-2e95e35eb2e3/resourceGroups/InfraProjet/providers/Microsoft.Network/networkInterfaces/NexusNIC",
                        "attributes": {
                            "applied_dns_servers.#": "0",
                            "dns_servers.#": "0",
                            "enable_accelerated_networking": "false",
                            "enable_ip_forwarding": "false",
                            "id": "/subscriptions/5806e574-da31-41a3-ae94-2e95e35eb2e3/resourceGroups/InfraProjet/providers/Microsoft.Network/networkInterfaces/NexusNIC",
                            "internal_dns_name_label": "",
                            "internal_fqdn": "",
                            "ip_configuration.#": "1",
                            "ip_configuration.0.application_gateway_backend_address_pools_ids.#": "0",
                            "ip_configuration.0.application_security_group_ids.#": "0",
                            "ip_configuration.0.load_balancer_backend_address_pools_ids.#": "0",
                            "ip_configuration.0.load_balancer_inbound_nat_rules_ids.#": "0",
                            "ip_configuration.0.name": "myNicConfiguration",
                            "ip_configuration.0.primary": "true",
                            "ip_configuration.0.private_ip_address": "",
                            "ip_configuration.0.private_ip_address_allocation": "dynamic",
                            "ip_configuration.0.private_ip_address_version": "IPv4",
                            "ip_configuration.0.public_ip_address_id": "/subscriptions/5806e574-da31-41a3-ae94-2e95e35eb2e3/resourceGroups/InfraProjet/providers/Microsoft.Network/publicIPAddresses/NexusPIP",
                            "ip_configuration.0.subnet_id": "/subscriptions/5806e574-da31-41a3-ae94-2e95e35eb2e3/resourceGroups/InfraProjet/providers/Microsoft.Network/virtualNetworks/InfraProjet-vnet/subnets/default",
                            "location": "westeurope",
                            "mac_address": "",
                            "name": "NexusNIC",
                            "network_security_group_id": "/subscriptions/5806e574-da31-41a3-ae94-2e95e35eb2e3/resourceGroups/InfraProjet/providers/Microsoft.Network/networkSecurityGroups/inframachine-nsg",
                            "private_ip_address": "10.0.0.7",
                            "private_ip_addresses.#": "1",
                            "private_ip_addresses.0": "10.0.0.7",
                            "resource_group_name": "InfraProjet",
                            "tags.%": "1",
                            "tags.environment": "Terraform Demo"
                        },
                        "meta": {},
                        "tainted": false
                    },
                    "deposed": [],
                    "provider": "provider.azurerm"
                },
                "azurerm_network_interface.NIC.2": {
                    "type": "azurerm_network_interface",
                    "depends_on": [
                        "azurerm_public_ip.PIP.*",
                        "azurerm_resource_group.myterraformgroup",
                        "data.azurerm_network_interface.test",
                        "data.azurerm_subnet.test"
                    ],
                    "primary": {
                        "id": "/subscriptions/5806e574-da31-41a3-ae94-2e95e35eb2e3/resourceGroups/InfraProjet/providers/Microsoft.Network/networkInterfaces/DockerNIC",
                        "attributes": {
                            "applied_dns_servers.#": "0",
                            "dns_servers.#": "0",
                            "enable_accelerated_networking": "false",
                            "enable_ip_forwarding": "false",
                            "id": "/subscriptions/5806e574-da31-41a3-ae94-2e95e35eb2e3/resourceGroups/InfraProjet/providers/Microsoft.Network/networkInterfaces/DockerNIC",
                            "internal_dns_name_label": "",
                            "internal_fqdn": "",
                            "ip_configuration.#": "1",
                            "ip_configuration.0.application_gateway_backend_address_pools_ids.#": "0",
                            "ip_configuration.0.application_security_group_ids.#": "0",
                            "ip_configuration.0.load_balancer_backend_address_pools_ids.#": "0",
                            "ip_configuration.0.load_balancer_inbound_nat_rules_ids.#": "0",
                            "ip_configuration.0.name": "myNicConfiguration",
                            "ip_configuration.0.primary": "true",
                            "ip_configuration.0.private_ip_address": "",
                            "ip_configuration.0.private_ip_address_allocation": "dynamic",
                            "ip_configuration.0.private_ip_address_version": "IPv4",
                            "ip_configuration.0.public_ip_address_id": "/subscriptions/5806e574-da31-41a3-ae94-2e95e35eb2e3/resourceGroups/InfraProjet/providers/Microsoft.Network/publicIPAddresses/DockerPIP",
                            "ip_configuration.0.subnet_id": "/subscriptions/5806e574-da31-41a3-ae94-2e95e35eb2e3/resourceGroups/InfraProjet/providers/Microsoft.Network/virtualNetworks/InfraProjet-vnet/subnets/default",
                            "location": "westeurope",
                            "mac_address": "",
                            "name": "DockerNIC",
                            "network_security_group_id": "/subscriptions/5806e574-da31-41a3-ae94-2e95e35eb2e3/resourceGroups/InfraProjet/providers/Microsoft.Network/networkSecurityGroups/inframachine-nsg",
                            "private_ip_address": "10.0.0.6",
                            "private_ip_addresses.#": "1",
                            "private_ip_addresses.0": "10.0.0.6",
                            "resource_group_name": "InfraProjet",
                            "tags.%": "1",
                            "tags.environment": "Terraform Demo"
                        },
                        "meta": {},
                        "tainted": false
                    },
                    "deposed": [],
                    "provider": "provider.azurerm"
                },
                "azurerm_public_ip.PIP.0": {
                    "type": "azurerm_public_ip",
                    "depends_on": [
                        "azurerm_resource_group.myterraformgroup"
                    ],
                    "primary": {
                        "id": "/subscriptions/5806e574-da31-41a3-ae94-2e95e35eb2e3/resourceGroups/InfraProjet/providers/Microsoft.Network/publicIPAddresses/JenkinsPIP",
                        "attributes": {
                            "allocation_method": "Dynamic",
                            "id": "/subscriptions/5806e574-da31-41a3-ae94-2e95e35eb2e3/resourceGroups/InfraProjet/providers/Microsoft.Network/publicIPAddresses/JenkinsPIP",
                            "idle_timeout_in_minutes": "4",
                            "ip_address": "",
                            "ip_version": "IPv4",
                            "location": "westeurope",
                            "name": "JenkinsPIP",
                            "public_ip_address_allocation": "Dynamic",
                            "resource_group_name": "InfraProjet",
                            "sku": "Basic",
                            "tags.%": "1",
                            "tags.environment": "Terraform Demo",
                            "zones.#": "0"
                        },
                        "meta": {},
                        "tainted": false
                    },
                    "deposed": [],
                    "provider": "provider.azurerm"
                },
                "azurerm_public_ip.PIP.1": {
                    "type": "azurerm_public_ip",
                    "depends_on": [
                        "azurerm_resource_group.myterraformgroup"
                    ],
                    "primary": {
                        "id": "/subscriptions/5806e574-da31-41a3-ae94-2e95e35eb2e3/resourceGroups/InfraProjet/providers/Microsoft.Network/publicIPAddresses/NexusPIP",
                        "attributes": {
                            "allocation_method": "Dynamic",
                            "id": "/subscriptions/5806e574-da31-41a3-ae94-2e95e35eb2e3/resourceGroups/InfraProjet/providers/Microsoft.Network/publicIPAddresses/NexusPIP",
                            "idle_timeout_in_minutes": "4",
                            "ip_address": "",
                            "ip_version": "IPv4",
                            "location": "westeurope",
                            "name": "NexusPIP",
                            "public_ip_address_allocation": "Dynamic",
                            "resource_group_name": "InfraProjet",
                            "sku": "Basic",
                            "tags.%": "1",
                            "tags.environment": "Terraform Demo",
                            "zones.#": "0"
                        },
                        "meta": {},
                        "tainted": false
                    },
                    "deposed": [],
                    "provider": "provider.azurerm"
                },
                "azurerm_public_ip.PIP.2": {
                    "type": "azurerm_public_ip",
                    "depends_on": [
                        "azurerm_resource_group.myterraformgroup"
                    ],
                    "primary": {
                        "id": "/subscriptions/5806e574-da31-41a3-ae94-2e95e35eb2e3/resourceGroups/InfraProjet/providers/Microsoft.Network/publicIPAddresses/DockerPIP",
                        "attributes": {
                            "allocation_method": "Dynamic",
                            "id": "/subscriptions/5806e574-da31-41a3-ae94-2e95e35eb2e3/resourceGroups/InfraProjet/providers/Microsoft.Network/publicIPAddresses/DockerPIP",
                            "idle_timeout_in_minutes": "4",
                            "ip_address": "",
                            "ip_version": "IPv4",
                            "location": "westeurope",
                            "name": "DockerPIP",
                            "public_ip_address_allocation": "Dynamic",
                            "resource_group_name": "InfraProjet",
                            "sku": "Basic",
                            "tags.%": "1",
                            "tags.environment": "Terraform Demo",
                            "zones.#": "0"
                        },
                        "meta": {},
                        "tainted": false
                    },
                    "deposed": [],
                    "provider": "provider.azurerm"
                },
                "azurerm_resource_group.myterraformgroup": {
                    "type": "azurerm_resource_group",
                    "depends_on": [],
                    "primary": {
                        "id": "/subscriptions/5806e574-da31-41a3-ae94-2e95e35eb2e3/resourceGroups/InfraProjet",
                        "attributes": {
                            "id": "/subscriptions/5806e574-da31-41a3-ae94-2e95e35eb2e3/resourceGroups/InfraProjet",
                            "location": "westeurope",
                            "name": "InfraProjet",
                            "tags.%": "1",
                            "tags.environment": "Terraform Demo"
                        },
                        "meta": {},
                        "tainted": false
                    },
                    "deposed": [],
                    "provider": "provider.azurerm"
                },
                "azurerm_virtual_machine.JenkinsVM.0": {
                    "type": "azurerm_virtual_machine",
                    "depends_on": [
                        "azurerm_network_interface.NIC.*",
                        "azurerm_resource_group.myterraformgroup"
                    ],
                    "primary": {
                        "id": "/subscriptions/5806e574-da31-41a3-ae94-2e95e35eb2e3/resourceGroups/InfraProjet/providers/Microsoft.Compute/virtualMachines/JenkinsVM",
                        "attributes": {
                            "delete_data_disks_on_termination": "false",
                            "delete_os_disk_on_termination": "false",
                            "id": "/subscriptions/5806e574-da31-41a3-ae94-2e95e35eb2e3/resourceGroups/InfraProjet/providers/Microsoft.Compute/virtualMachines/JenkinsVM",
                            "identity.#": "0",
                            "location": "westeurope",
                            "name": "JenkinsVM",
                            "network_interface_ids.#": "1",
                            "network_interface_ids.0": "/subscriptions/5806e574-da31-41a3-ae94-2e95e35eb2e3/resourceGroups/InfraProjet/providers/Microsoft.Network/networkInterfaces/JenkinsNIC",
                            "os_profile.#": "1",
                            "os_profile.1625885110.admin_password": "",
                            "os_profile.1625885110.admin_username": "azureuser",
                            "os_profile.1625885110.computer_name": "JenkinsVM",
                            "os_profile.1625885110.custom_data": "",
                            "os_profile_linux_config.#": "1",
                            "os_profile_linux_config.69840937.disable_password_authentication": "true",
                            "os_profile_linux_config.69840937.ssh_keys.#": "1",
                            "os_profile_linux_config.69840937.ssh_keys.0.key_data": "ssh-rsa AAAAB3NzaC1yc2EAAAADAQABAAABAQC25G/wnpjYHounebrOuLmEjrb3FSpXCTUDATuBXfISLeg4LYUdl6Xdf5gEpnC4tu1vrWJ8Kx8OtJbcErKcaN6fa8x0M8O5C3xyuaAcnjc4wZsJExXZTLE7cuJrdVmtdrn6slA+bYzyecFb35h8S6gO1uyNGNgjbkwdPU/khKzqwHd2gbxg56NNQFMFGwlLV2Lp9BubGD+ksMwUS9G81c0F6qEgdJ3bPfOql03qEwA+HeMdBWlXaA2lPpiV9i6MgbVNGLA6qeUL1sMp3jA5FdRq9SOxVO9fncz9Pbm04k8li0AtN7w/4lYtC0SzL8Y+5zirc32+ovCe9eFWde7Vz0M5 adminl@localhost.localdomain",
                            "os_profile_linux_config.69840937.ssh_keys.0.path": "/home/azureuser/.ssh/authorized_keys",
                            "os_profile_secrets.#": "0",
                            "os_profile_windows_config.#": "0",
                            "plan.#": "0",
                            "resource_group_name": "InfraProjet",
                            "storage_data_disk.#": "0",
                            "storage_image_reference.#": "1",
                            "storage_image_reference.363552096.id": "",
                            "storage_image_reference.363552096.offer": "UbuntuServer",
                            "storage_image_reference.363552096.publisher": "Canonical",
                            "storage_image_reference.363552096.sku": "16.04.0-LTS",
                            "storage_image_reference.363552096.version": "latest",
                            "storage_os_disk.#": "1",
                            "storage_os_disk.0.caching": "ReadWrite",
                            "storage_os_disk.0.create_option": "FromImage",
                            "storage_os_disk.0.disk_size_gb": "30",
                            "storage_os_disk.0.image_uri": "",
                            "storage_os_disk.0.managed_disk_id": "/subscriptions/5806e574-da31-41a3-ae94-2e95e35eb2e3/resourceGroups/InfraProjet/providers/Microsoft.Compute/disks/myOsDisk1",
                            "storage_os_disk.0.managed_disk_type": "Premium_LRS",
                            "storage_os_disk.0.name": "myOsDisk1",
                            "storage_os_disk.0.os_type": "Linux",
                            "storage_os_disk.0.vhd_uri": "",
                            "storage_os_disk.0.write_accelerator_enabled": "false",
                            "tags.%": "1",
                            "tags.environment": "Terraform Demo",
                            "vm_size": "Standard_B1ms",
                            "zones.#": "0"
                        },
                        "meta": {},
                        "tainted": false
                    },
                    "deposed": [],
                    "provider": "provider.azurerm"
                },
                "azurerm_virtual_machine.JenkinsVM.1": {
                    "type": "azurerm_virtual_machine",
                    "depends_on": [
                        "azurerm_network_interface.NIC.*",
                        "azurerm_resource_group.myterraformgroup"
                    ],
                    "primary": {
                        "id": "/subscriptions/5806e574-da31-41a3-ae94-2e95e35eb2e3/resourceGroups/InfraProjet/providers/Microsoft.Compute/virtualMachines/NexusVM",
                        "attributes": {
                            "delete_data_disks_on_termination": "false",
                            "delete_os_disk_on_termination": "false",
                            "id": "/subscriptions/5806e574-da31-41a3-ae94-2e95e35eb2e3/resourceGroups/InfraProjet/providers/Microsoft.Compute/virtualMachines/NexusVM",
                            "identity.#": "0",
                            "location": "westeurope",
                            "name": "NexusVM",
                            "network_interface_ids.#": "1",
                            "network_interface_ids.0": "/subscriptions/5806e574-da31-41a3-ae94-2e95e35eb2e3/resourceGroups/InfraProjet/providers/Microsoft.Network/networkInterfaces/NexusNIC",
                            "os_profile.#": "1",
                            "os_profile.1281798619.admin_password": "",
                            "os_profile.1281798619.admin_username": "azureuser",
                            "os_profile.1281798619.computer_name": "NexusVM",
                            "os_profile.1281798619.custom_data": "",
                            "os_profile_linux_config.#": "1",
                            "os_profile_linux_config.69840937.disable_password_authentication": "true",
                            "os_profile_linux_config.69840937.ssh_keys.#": "1",
                            "os_profile_linux_config.69840937.ssh_keys.0.key_data": "ssh-rsa AAAAB3NzaC1yc2EAAAADAQABAAABAQC25G/wnpjYHounebrOuLmEjrb3FSpXCTUDATuBXfISLeg4LYUdl6Xdf5gEpnC4tu1vrWJ8Kx8OtJbcErKcaN6fa8x0M8O5C3xyuaAcnjc4wZsJExXZTLE7cuJrdVmtdrn6slA+bYzyecFb35h8S6gO1uyNGNgjbkwdPU/khKzqwHd2gbxg56NNQFMFGwlLV2Lp9BubGD+ksMwUS9G81c0F6qEgdJ3bPfOql03qEwA+HeMdBWlXaA2lPpiV9i6MgbVNGLA6qeUL1sMp3jA5FdRq9SOxVO9fncz9Pbm04k8li0AtN7w/4lYtC0SzL8Y+5zirc32+ovCe9eFWde7Vz0M5 adminl@localhost.localdomain",
                            "os_profile_linux_config.69840937.ssh_keys.0.path": "/home/azureuser/.ssh/authorized_keys",
                            "os_profile_secrets.#": "0",
                            "os_profile_windows_config.#": "0",
                            "plan.#": "0",
                            "resource_group_name": "InfraProjet",
                            "storage_data_disk.#": "0",
                            "storage_image_reference.#": "1",
                            "storage_image_reference.363552096.id": "",
                            "storage_image_reference.363552096.offer": "UbuntuServer",
                            "storage_image_reference.363552096.publisher": "Canonical",
                            "storage_image_reference.363552096.sku": "16.04.0-LTS",
                            "storage_image_reference.363552096.version": "latest",
                            "storage_os_disk.#": "1",
                            "storage_os_disk.0.caching": "ReadWrite",
                            "storage_os_disk.0.create_option": "FromImage",
                            "storage_os_disk.0.disk_size_gb": "30",
                            "storage_os_disk.0.image_uri": "",
                            "storage_os_disk.0.managed_disk_id": "/subscriptions/5806e574-da31-41a3-ae94-2e95e35eb2e3/resourceGroups/InfraProjet/providers/Microsoft.Compute/disks/myOsDisk2",
                            "storage_os_disk.0.managed_disk_type": "Premium_LRS",
                            "storage_os_disk.0.name": "myOsDisk2",
                            "storage_os_disk.0.os_type": "Linux",
                            "storage_os_disk.0.vhd_uri": "",
                            "storage_os_disk.0.write_accelerator_enabled": "false",
                            "tags.%": "1",
                            "tags.environment": "Terraform Demo",
                            "vm_size": "Standard_B1ms",
                            "zones.#": "0"
                        },
                        "meta": {},
                        "tainted": false
                    },
                    "deposed": [],
                    "provider": "provider.azurerm"
                },
                "azurerm_virtual_machine.JenkinsVM.2": {
                    "type": "azurerm_virtual_machine",
                    "depends_on": [
                        "azurerm_network_interface.NIC.*",
                        "azurerm_resource_group.myterraformgroup"
                    ],
                    "primary": {
                        "id": "/subscriptions/5806e574-da31-41a3-ae94-2e95e35eb2e3/resourceGroups/InfraProjet/providers/Microsoft.Compute/virtualMachines/DockerVM",
                        "attributes": {
                            "delete_data_disks_on_termination": "false",
                            "delete_os_disk_on_termination": "false",
                            "id": "/subscriptions/5806e574-da31-41a3-ae94-2e95e35eb2e3/resourceGroups/InfraProjet/providers/Microsoft.Compute/virtualMachines/DockerVM",
                            "identity.#": "0",
                            "location": "westeurope",
                            "name": "DockerVM",
                            "network_interface_ids.#": "1",
                            "network_interface_ids.0": "/subscriptions/5806e574-da31-41a3-ae94-2e95e35eb2e3/resourceGroups/InfraProjet/providers/Microsoft.Network/networkInterfaces/DockerNIC",
                            "os_profile.#": "1",
                            "os_profile.1795530465.admin_password": "",
                            "os_profile.1795530465.admin_username": "azureuser",
                            "os_profile.1795530465.computer_name": "DockerVM",
                            "os_profile.1795530465.custom_data": "",
                            "os_profile_linux_config.#": "1",
                            "os_profile_linux_config.69840937.disable_password_authentication": "true",
                            "os_profile_linux_config.69840937.ssh_keys.#": "1",
                            "os_profile_linux_config.69840937.ssh_keys.0.key_data": "ssh-rsa AAAAB3NzaC1yc2EAAAADAQABAAABAQC25G/wnpjYHounebrOuLmEjrb3FSpXCTUDATuBXfISLeg4LYUdl6Xdf5gEpnC4tu1vrWJ8Kx8OtJbcErKcaN6fa8x0M8O5C3xyuaAcnjc4wZsJExXZTLE7cuJrdVmtdrn6slA+bYzyecFb35h8S6gO1uyNGNgjbkwdPU/khKzqwHd2gbxg56NNQFMFGwlLV2Lp9BubGD+ksMwUS9G81c0F6qEgdJ3bPfOql03qEwA+HeMdBWlXaA2lPpiV9i6MgbVNGLA6qeUL1sMp3jA5FdRq9SOxVO9fncz9Pbm04k8li0AtN7w/4lYtC0SzL8Y+5zirc32+ovCe9eFWde7Vz0M5 adminl@localhost.localdomain",
                            "os_profile_linux_config.69840937.ssh_keys.0.path": "/home/azureuser/.ssh/authorized_keys",
                            "os_profile_secrets.#": "0",
                            "os_profile_windows_config.#": "0",
                            "plan.#": "0",
                            "resource_group_name": "InfraProjet",
                            "storage_data_disk.#": "0",
                            "storage_image_reference.#": "1",
                            "storage_image_reference.363552096.id": "",
                            "storage_image_reference.363552096.offer": "UbuntuServer",
                            "storage_image_reference.363552096.publisher": "Canonical",
                            "storage_image_reference.363552096.sku": "16.04.0-LTS",
                            "storage_image_reference.363552096.version": "latest",
                            "storage_os_disk.#": "1",
                            "storage_os_disk.0.caching": "ReadWrite",
                            "storage_os_disk.0.create_option": "FromImage",
                            "storage_os_disk.0.disk_size_gb": "30",
                            "storage_os_disk.0.image_uri": "",
                            "storage_os_disk.0.managed_disk_id": "/subscriptions/5806e574-da31-41a3-ae94-2e95e35eb2e3/resourceGroups/InfraProjet/providers/Microsoft.Compute/disks/myOsDisk3",
                            "storage_os_disk.0.managed_disk_type": "Premium_LRS",
                            "storage_os_disk.0.name": "myOsDisk3",
                            "storage_os_disk.0.os_type": "Linux",
                            "storage_os_disk.0.vhd_uri": "",
                            "storage_os_disk.0.write_accelerator_enabled": "false",
                            "tags.%": "1",
                            "tags.environment": "Terraform Demo",
                            "vm_size": "Standard_B1ms",
                            "zones.#": "0"
                        },
                        "meta": {},
                        "tainted": false
                    },
                    "deposed": [],
                    "provider": "provider.azurerm"
                },
                "data.azurerm_network_interface.test": {
                    "type": "azurerm_network_interface",
                    "depends_on": [],
                    "primary": {
                        "id": "/subscriptions/5806e574-da31-41a3-ae94-2e95e35eb2e3/resourceGroups/InfraProjet/providers/Microsoft.Network/networkInterfaces/inframachine613",
                        "attributes": {
                            "applied_dns_servers.#": "0",
                            "dns_servers.#": "0",
                            "enable_accelerated_networking": "false",
                            "enable_ip_forwarding": "false",
                            "id": "/subscriptions/5806e574-da31-41a3-ae94-2e95e35eb2e3/resourceGroups/InfraProjet/providers/Microsoft.Network/networkInterfaces/inframachine613",
                            "internal_dns_name_label": "",
                            "internal_fqdn": "",
                            "ip_configuration.#": "1",
                            "ip_configuration.0.application_gateway_backend_address_pools_ids.#": "0",
                            "ip_configuration.0.application_security_group_ids.#": "0",
                            "ip_configuration.0.load_balancer_backend_address_pools_ids.#": "0",
                            "ip_configuration.0.load_balancer_inbound_nat_rules_ids.#": "0",
                            "ip_configuration.0.name": "ipconfig1",
                            "ip_configuration.0.primary": "true",
                            "ip_configuration.0.private_ip_address": "",
                            "ip_configuration.0.private_ip_address_allocation": "dynamic",
                            "ip_configuration.0.private_ip_address_version": "IPv4",
                            "ip_configuration.0.public_ip_address_id": "/subscriptions/5806e574-da31-41a3-ae94-2e95e35eb2e3/resourceGroups/InfraProjet/providers/Microsoft.Network/publicIPAddresses/inframachine-ip",
                            "ip_configuration.0.subnet_id": "/subscriptions/5806e574-da31-41a3-ae94-2e95e35eb2e3/resourceGroups/InfraProjet/providers/Microsoft.Network/virtualNetworks/InfraProjet-vnet/subnets/default",
                            "location": "westeurope",
                            "mac_address": "00-0D-3A-48-04-45",
                            "name": "inframachine613",
                            "network_security_group_id": "/subscriptions/5806e574-da31-41a3-ae94-2e95e35eb2e3/resourceGroups/InfraProjet/providers/Microsoft.Network/networkSecurityGroups/inframachine-nsg",
                            "private_ip_address": "10.0.0.4",
                            "private_ip_addresses.#": "1",
                            "private_ip_addresses.0": "10.0.0.4",
                            "resource_group_name": "InfraProjet",
                            "tags.%": "0",
                            "virtual_machine_id": "/subscriptions/5806e574-da31-41a3-ae94-2e95e35eb2e3/resourceGroups/InfraProjet/providers/Microsoft.Compute/virtualMachines/inframachine"
                        },
                        "meta": {},
                        "tainted": false
                    },
                    "deposed": [],
                    "provider": "provider.azurerm"
                },
                "data.azurerm_resource_group.lieu": {
                    "type": "azurerm_resource_group",
                    "depends_on": [],
                    "primary": {
                        "id": "/subscriptions/5806e574-da31-41a3-ae94-2e95e35eb2e3/resourceGroups/InfraProjet",
                        "attributes": {
                            "id": "/subscriptions/5806e574-da31-41a3-ae94-2e95e35eb2e3/resourceGroups/InfraProjet",
                            "location": "westeurope",
                            "name": "InfraProjet",
                            "tags.%": "1",
                            "tags.environment": "Terraform Demo"
                        },
                        "meta": {},
                        "tainted": false
                    },
                    "deposed": [],
                    "provider": "provider.azurerm"
                },
                "data.azurerm_subnet.test": {
                    "type": "azurerm_subnet",
                    "depends_on": [],
                    "primary": {
                        "id": "/subscriptions/5806e574-da31-41a3-ae94-2e95e35eb2e3/resourceGroups/InfraProjet/providers/Microsoft.Network/virtualNetworks/InfraProjet-vnet/subnets/default",
                        "attributes": {
                            "address_prefix": "10.0.0.0/24",
                            "id": "/subscriptions/5806e574-da31-41a3-ae94-2e95e35eb2e3/resourceGroups/InfraProjet/providers/Microsoft.Network/virtualNetworks/InfraProjet-vnet/subnets/default",
                            "ip_configurations.#": "4",
                            "ip_configurations.1517289980": "/subscriptions/5806e574-da31-41a3-ae94-2e95e35eb2e3/resourceGroups/InfraProjet/providers/Microsoft.Network/networkInterfaces/JenkinsNIC/ipConfigurations/myNicConfiguration",
                            "ip_configurations.176113456": "/subscriptions/5806e574-da31-41a3-ae94-2e95e35eb2e3/resourceGroups/InfraProjet/providers/Microsoft.Network/networkInterfaces/inframachine613/ipConfigurations/ipconfig1",
                            "ip_configurations.3574742122": "/subscriptions/5806e574-da31-41a3-ae94-2e95e35eb2e3/resourceGroups/InfraProjet/providers/Microsoft.Network/networkInterfaces/NexusNIC/ipConfigurations/myNicConfiguration",
                            "ip_configurations.397384719": "/subscriptions/5806e574-da31-41a3-ae94-2e95e35eb2e3/resourceGroups/InfraProjet/providers/Microsoft.Network/networkInterfaces/DockerNIC/ipConfigurations/myNicConfiguration",
                            "name": "default",
                            "network_security_group_id": "",
                            "resource_group_name": "InfraProjet",
                            "route_table_id": "",
                            "service_endpoints.#": "0",
                            "virtual_network_name": "InfraProjet-vnet"
                        },
                        "meta": {},
                        "tainted": false
                    },
                    "deposed": [],
                    "provider": "provider.azurerm"
                }
            },
            "depends_on": []
        }
    ]
}
